
Microsoft Visual Studio Solution File, Format Version 12.00
# Visual Studio 15
VisualStudioVersion = 15.0.28307.329
MinimumVisualStudioVersion = 10.0.40219.1
Project("{9A19103F-16F7-4668-BE54-9A1E7A4F7556}") = "OwnsManyIssue", "OwnsManyIssue.csproj", "{E407AEFE-176F-4E9F-B117-DB5DAD152E6E}"
EndProject
Global
	GlobalSection(SolutionConfigurationPlatforms) = preSolution
		Debug|Any CPU = Debug|Any CPU
		Release|Any CPU = Release|Any CPU
	EndGlobalSection
	GlobalSection(ProjectConfigurationPlatforms) = postSolution
		{E407AEFE-176F-4E9F-B117-DB5DAD152E6E}.Debug|Any CPU.ActiveCfg = Debug|Any CPU
		{E407AEFE-176F-4E9F-B117-DB5DAD152E6E}.Debug|Any CPU.Build.0 = Debug|Any CPU
		{E407AEFE-176F-4E9F-B117-DB5DAD152E6E}.Release|Any CPU.ActiveCfg = Release|Any CPU
		{E407AEFE-176F-4E9F-B117-DB5DAD152E6E}.Release|Any CPU.Build.0 = Release|Any CPU
	EndGlobalSection
	GlobalSection(SolutionProperties) = preSolution
		HideSolutionNode = FALSE
	EndGlobalSection
	GlobalSection(ExtensibilityGlobals) = postSolution
		SolutionGuid = {03DDA0A4-2CD5-44AA-AFE5-BC0947F54149}
	EndGlobalSection
EndGlobal
